// !$*UTF8*$!
{
	archiveVersion = 1;
	classes = {
	};
	objectVersion = 56;
	objects = {

/* Begin PBXBuildFile section */
		D091016B2AF110F300BB1D3E /* PlaceDetailViewModel.swift in Sources */ = {isa = PBXBuildFile; fileRef = D091016A2AF110F300BB1D3E /* PlaceDetailViewModel.swift */; };
		D091016D2AF1114700BB1D3E /* FoursquarePhoto.swift in Sources */ = {isa = PBXBuildFile; fileRef = D091016C2AF1114700BB1D3E /* FoursquarePhoto.swift */; };
		D091016F2AF1127800BB1D3E /* URLImageView.swift in Sources */ = {isa = PBXBuildFile; fileRef = D091016E2AF1127800BB1D3E /* URLImageView.swift */; };
		D09101742AF1439200BB1D3E /* PlaceDetailHeaderView.swift in Sources */ = {isa = PBXBuildFile; fileRef = D09101732AF1439200BB1D3E /* PlaceDetailHeaderView.swift */; };
		D09101762AF143BC00BB1D3E /* PlaceDetailLocationView.swift in Sources */ = {isa = PBXBuildFile; fileRef = D09101752AF143BC00BB1D3E /* PlaceDetailLocationView.swift */; };
		D091017A2AF143E800BB1D3E /* PlaceDetailGeocodeView.swift in Sources */ = {isa = PBXBuildFile; fileRef = D09101792AF143E800BB1D3E /* PlaceDetailGeocodeView.swift */; };
		D091FC3A2AEBD28D00CCEC0E /* PlaceDetailView.swift in Sources */ = {isa = PBXBuildFile; fileRef = D091FC392AEBD28D00CCEC0E /* PlaceDetailView.swift */; };
		D091FC3C2AEBD54800CCEC0E /* AnnotationView.swift in Sources */ = {isa = PBXBuildFile; fileRef = D091FC3B2AEBD54800CCEC0E /* AnnotationView.swift */; };
		D091FC402AEBE8CE00CCEC0E /* Constants.swift in Sources */ = {isa = PBXBuildFile; fileRef = D091FC3F2AEBE8CE00CCEC0E /* Constants.swift */; };
		D095EB352AEA9D02003C55DA /* MapAppApp.swift in Sources */ = {isa = PBXBuildFile; fileRef = D095EB342AEA9D02003C55DA /* MapAppApp.swift */; };
		D095EB372AEA9D02003C55DA /* ContentView.swift in Sources */ = {isa = PBXBuildFile; fileRef = D095EB362AEA9D02003C55DA /* ContentView.swift */; };
		D095EB392AEA9D03003C55DA /* Assets.xcassets in Resources */ = {isa = PBXBuildFile; fileRef = D095EB382AEA9D03003C55DA /* Assets.xcassets */; };
		D095EB3C2AEA9D03003C55DA /* Preview Assets.xcassets in Resources */ = {isa = PBXBuildFile; fileRef = D095EB3B2AEA9D03003C55DA /* Preview Assets.xcassets */; };
		D095EB462AEA9D04003C55DA /* MapAppTests.swift in Sources */ = {isa = PBXBuildFile; fileRef = D095EB452AEA9D04003C55DA /* MapAppTests.swift */; };
		D095EB502AEA9D04003C55DA /* MapAppUITests.swift in Sources */ = {isa = PBXBuildFile; fileRef = D095EB4F2AEA9D04003C55DA /* MapAppUITests.swift */; };
		D095EB522AEA9D04003C55DA /* MapAppUITestsLaunchTests.swift in Sources */ = {isa = PBXBuildFile; fileRef = D095EB512AEA9D04003C55DA /* MapAppUITestsLaunchTests.swift */; };
		D095EB5F2AEA9E27003C55DA /* FoursquareService.swift in Sources */ = {isa = PBXBuildFile; fileRef = D095EB5E2AEA9E27003C55DA /* FoursquareService.swift */; };
		D095EB662AEAC908003C55DA /* FoursquarePlace.swift in Sources */ = {isa = PBXBuildFile; fileRef = D095EB652AEAC908003C55DA /* FoursquarePlace.swift */; };
		D095EB682AEAC921003C55DA /* MapView.swift in Sources */ = {isa = PBXBuildFile; fileRef = D095EB672AEAC921003C55DA /* MapView.swift */; };
		D095EB6A2AEACADC003C55DA /* MapViewModel.swift in Sources */ = {isa = PBXBuildFile; fileRef = D095EB692AEACADC003C55DA /* MapViewModel.swift */; };
/* End PBXBuildFile section */

/* Begin PBXContainerItemProxy section */
		D095EB422AEA9D04003C55DA /* PBXContainerItemProxy */ = {
			isa = PBXContainerItemProxy;
			containerPortal = D095EB292AEA9D02003C55DA /* Project object */;
			proxyType = 1;
			remoteGlobalIDString = D095EB302AEA9D02003C55DA;
			remoteInfo = MapApp;
		};
		D095EB4C2AEA9D04003C55DA /* PBXContainerItemProxy */ = {
			isa = PBXContainerItemProxy;
			containerPortal = D095EB292AEA9D02003C55DA /* Project object */;
			proxyType = 1;
			remoteGlobalIDString = D095EB302AEA9D02003C55DA;
			remoteInfo = MapApp;
		};
/* End PBXContainerItemProxy section */

/* Begin PBXFileReference section */
		D091016A2AF110F300BB1D3E /* PlaceDetailViewModel.swift */ = {isa = PBXFileReference; lastKnownFileType = sourcecode.swift; path = PlaceDetailViewModel.swift; sourceTree = "<group>"; };
		D091016C2AF1114700BB1D3E /* FoursquarePhoto.swift */ = {isa = PBXFileReference; lastKnownFileType = sourcecode.swift; path = FoursquarePhoto.swift; sourceTree = "<group>"; };
		D091016E2AF1127800BB1D3E /* URLImageView.swift */ = {isa = PBXFileReference; lastKnownFileType = sourcecode.swift; path = URLImageView.swift; sourceTree = "<group>"; };
		D09101732AF1439200BB1D3E /* PlaceDetailHeaderView.swift */ = {isa = PBXFileReference; lastKnownFileType = sourcecode.swift; path = PlaceDetailHeaderView.swift; sourceTree = "<group>"; };
		D09101752AF143BC00BB1D3E /* PlaceDetailLocationView.swift */ = {isa = PBXFileReference; lastKnownFileType = sourcecode.swift; path = PlaceDetailLocationView.swift; sourceTree = "<group>"; };
		D09101792AF143E800BB1D3E /* PlaceDetailGeocodeView.swift */ = {isa = PBXFileReference; lastKnownFileType = sourcecode.swift; path = PlaceDetailGeocodeView.swift; sourceTree = "<group>"; };
		D091FC392AEBD28D00CCEC0E /* PlaceDetailView.swift */ = {isa = PBXFileReference; lastKnownFileType = sourcecode.swift; path = PlaceDetailView.swift; sourceTree = "<group>"; };
		D091FC3B2AEBD54800CCEC0E /* AnnotationView.swift */ = {isa = PBXFileReference; lastKnownFileType = sourcecode.swift; path = AnnotationView.swift; sourceTree = "<group>"; };
		D091FC3F2AEBE8CE00CCEC0E /* Constants.swift */ = {isa = PBXFileReference; lastKnownFileType = sourcecode.swift; path = Constants.swift; sourceTree = "<group>"; };
		D095EB312AEA9D02003C55DA /* MapApp.app */ = {isa = PBXFileReference; explicitFileType = wrapper.application; includeInIndex = 0; path = MapApp.app; sourceTree = BUILT_PRODUCTS_DIR; };
		D095EB342AEA9D02003C55DA /* MapAppApp.swift */ = {isa = PBXFileReference; lastKnownFileType = sourcecode.swift; path = MapAppApp.swift; sourceTree = "<group>"; };
		D095EB362AEA9D02003C55DA /* ContentView.swift */ = {isa = PBXFileReference; lastKnownFileType = sourcecode.swift; path = ContentView.swift; sourceTree = "<group>"; };
		D095EB382AEA9D03003C55DA /* Assets.xcassets */ = {isa = PBXFileReference; lastKnownFileType = folder.assetcatalog; path = Assets.xcassets; sourceTree = "<group>"; };
		D095EB3B2AEA9D03003C55DA /* Preview Assets.xcassets */ = {isa = PBXFileReference; lastKnownFileType = folder.assetcatalog; path = "Preview Assets.xcassets"; sourceTree = "<group>"; };
		D095EB412AEA9D04003C55DA /* MapAppTests.xctest */ = {isa = PBXFileReference; explicitFileType = wrapper.cfbundle; includeInIndex = 0; path = MapAppTests.xctest; sourceTree = BUILT_PRODUCTS_DIR; };
		D095EB452AEA9D04003C55DA /* MapAppTests.swift */ = {isa = PBXFileReference; lastKnownFileType = sourcecode.swift; path = MapAppTests.swift; sourceTree = "<group>"; };
		D095EB4B2AEA9D04003C55DA /* MapAppUITests.xctest */ = {isa = PBXFileReference; explicitFileType = wrapper.cfbundle; includeInIndex = 0; path = MapAppUITests.xctest; sourceTree = BUILT_PRODUCTS_DIR; };
		D095EB4F2AEA9D04003C55DA /* MapAppUITests.swift */ = {isa = PBXFileReference; lastKnownFileType = sourcecode.swift; path = MapAppUITests.swift; sourceTree = "<group>"; };
		D095EB512AEA9D04003C55DA /* MapAppUITestsLaunchTests.swift */ = {isa = PBXFileReference; lastKnownFileType = sourcecode.swift; path = MapAppUITestsLaunchTests.swift; sourceTree = "<group>"; };
		D095EB5E2AEA9E27003C55DA /* FoursquareService.swift */ = {isa = PBXFileReference; lastKnownFileType = sourcecode.swift; path = FoursquareService.swift; sourceTree = "<group>"; };
		D095EB652AEAC908003C55DA /* FoursquarePlace.swift */ = {isa = PBXFileReference; lastKnownFileType = sourcecode.swift; path = FoursquarePlace.swift; sourceTree = "<group>"; };
		D095EB672AEAC921003C55DA /* MapView.swift */ = {isa = PBXFileReference; lastKnownFileType = sourcecode.swift; path = MapView.swift; sourceTree = "<group>"; };
		D095EB692AEACADC003C55DA /* MapViewModel.swift */ = {isa = PBXFileReference; lastKnownFileType = sourcecode.swift; path = MapViewModel.swift; sourceTree = "<group>"; };
/* End PBXFileReference section */

/* Begin PBXFrameworksBuildPhase section */
		D095EB2E2AEA9D02003C55DA /* Frameworks */ = {
			isa = PBXFrameworksBuildPhase;
			buildActionMask = 2147483647;
			files = (
			);
			runOnlyForDeploymentPostprocessing = 0;
		};
		D095EB3E2AEA9D04003C55DA /* Frameworks */ = {
			isa = PBXFrameworksBuildPhase;
			buildActionMask = 2147483647;
			files = (
			);
			runOnlyForDeploymentPostprocessing = 0;
		};
		D095EB482AEA9D04003C55DA /* Frameworks */ = {
			isa = PBXFrameworksBuildPhase;
			buildActionMask = 2147483647;
			files = (
			);
			runOnlyForDeploymentPostprocessing = 0;
		};
/* End PBXFrameworksBuildPhase section */

/* Begin PBXGroup section */
		D09101682AF1046E00BB1D3E /* MapView */ = {
			isa = PBXGroup;
			children = (
				D095EB672AEAC921003C55DA /* MapView.swift */,
				D095EB692AEACADC003C55DA /* MapViewModel.swift */,
				D091FC3B2AEBD54800CCEC0E /* AnnotationView.swift */,
			);
			path = MapView;
			sourceTree = "<group>";
		};
		D09101692AF1048A00BB1D3E /* DetailView */ = {
			isa = PBXGroup;
			children = (
				D09101722AF1437B00BB1D3E /* SubViews */,
				D091FC392AEBD28D00CCEC0E /* PlaceDetailView.swift */,
				D091016A2AF110F300BB1D3E /* PlaceDetailViewModel.swift */,
			);
			path = DetailView;
			sourceTree = "<group>";
		};
		D09101722AF1437B00BB1D3E /* SubViews */ = {
			isa = PBXGroup;
			children = (
				D09101732AF1439200BB1D3E /* PlaceDetailHeaderView.swift */,
				D09101752AF143BC00BB1D3E /* PlaceDetailLocationView.swift */,
				D09101792AF143E800BB1D3E /* PlaceDetailGeocodeView.swift */,
				D091016E2AF1127800BB1D3E /* URLImageView.swift */,
			);
			path = SubViews;
			sourceTree = "<group>";
		};
		D095EB282AEA9D02003C55DA = {
			isa = PBXGroup;
			children = (
				D095EB332AEA9D02003C55DA /* MapApp */,
				D095EB442AEA9D04003C55DA /* MapAppTests */,
				D095EB4E2AEA9D04003C55DA /* MapAppUITests */,
				D095EB322AEA9D02003C55DA /* Products */,
			);
			sourceTree = "<group>";
		};
		D095EB322AEA9D02003C55DA /* Products */ = {
			isa = PBXGroup;
			children = (
				D095EB312AEA9D02003C55DA /* MapApp.app */,
				D095EB412AEA9D04003C55DA /* MapAppTests.xctest */,
				D095EB4B2AEA9D04003C55DA /* MapAppUITests.xctest */,
			);
			name = Products;
			sourceTree = "<group>";
		};
		D095EB332AEA9D02003C55DA /* MapApp */ = {
			isa = PBXGroup;
			children = (
				D095EB622AEAC8B6003C55DA /* API */,
				D095EB642AEAC8CB003C55DA /* Model */,
				D095EB632AEAC8C3003C55DA /* View */,
				D095EB342AEA9D02003C55DA /* MapAppApp.swift */,
				D095EB362AEA9D02003C55DA /* ContentView.swift */,
				D095EB382AEA9D03003C55DA /* Assets.xcassets */,
				D095EB3A2AEA9D03003C55DA /* Preview Content */,
			);
			path = MapApp;
			sourceTree = "<group>";
		};
		D095EB3A2AEA9D03003C55DA /* Preview Content */ = {
			isa = PBXGroup;
			children = (
				D095EB3B2AEA9D03003C55DA /* Preview Assets.xcassets */,
			);
			path = "Preview Content";
			sourceTree = "<group>";
		};
		D095EB442AEA9D04003C55DA /* MapAppTests */ = {
			isa = PBXGroup;
			children = (
				D095EB452AEA9D04003C55DA /* MapAppTests.swift */,
			);
			path = MapAppTests;
			sourceTree = "<group>";
		};
		D095EB4E2AEA9D04003C55DA /* MapAppUITests */ = {
			isa = PBXGroup;
			children = (
				D095EB4F2AEA9D04003C55DA /* MapAppUITests.swift */,
				D095EB512AEA9D04003C55DA /* MapAppUITestsLaunchTests.swift */,
			);
			path = MapAppUITests;
			sourceTree = "<group>";
		};
		D095EB622AEAC8B6003C55DA /* API */ = {
			isa = PBXGroup;
			children = (
				D095EB5E2AEA9E27003C55DA /* FoursquareService.swift */,
			);
			path = API;
			sourceTree = "<group>";
		};
		D095EB632AEAC8C3003C55DA /* View */ = {
			isa = PBXGroup;
			children = (
				D09101682AF1046E00BB1D3E /* MapView */,
				D09101692AF1048A00BB1D3E /* DetailView */,
			);
			path = View;
			sourceTree = "<group>";
		};
		D095EB642AEAC8CB003C55DA /* Model */ = {
			isa = PBXGroup;
			children = (
				D091FC3F2AEBE8CE00CCEC0E /* Constants.swift */,
				D095EB652AEAC908003C55DA /* FoursquarePlace.swift */,
				D091016C2AF1114700BB1D3E /* FoursquarePhoto.swift */,
			);
			path = Model;
			sourceTree = "<group>";
		};
/* End PBXGroup section */

/* Begin PBXNativeTarget section */
		D095EB302AEA9D02003C55DA /* MapApp */ = {
			isa = PBXNativeTarget;
			buildConfigurationList = D095EB552AEA9D04003C55DA /* Build configuration list for PBXNativeTarget "MapApp" */;
			buildPhases = (
				D095EB2D2AEA9D02003C55DA /* Sources */,
				D095EB2E2AEA9D02003C55DA /* Frameworks */,
				D095EB2F2AEA9D02003C55DA /* Resources */,
			);
			buildRules = (
			);
			dependencies = (
			);
			name = MapApp;
			productName = MapApp;
			productReference = D095EB312AEA9D02003C55DA /* MapApp.app */;
			productType = "com.apple.product-type.application";
		};
		D095EB402AEA9D04003C55DA /* MapAppTests */ = {
			isa = PBXNativeTarget;
			buildConfigurationList = D095EB582AEA9D04003C55DA /* Build configuration list for PBXNativeTarget "MapAppTests" */;
			buildPhases = (
				D095EB3D2AEA9D04003C55DA /* Sources */,
				D095EB3E2AEA9D04003C55DA /* Frameworks */,
				D095EB3F2AEA9D04003C55DA /* Resources */,
			);
			buildRules = (
			);
			dependencies = (
				D095EB432AEA9D04003C55DA /* PBXTargetDependency */,
			);
			name = MapAppTests;
			productName = MapAppTests;
			productReference = D095EB412AEA9D04003C55DA /* MapAppTests.xctest */;
			productType = "com.apple.product-type.bundle.unit-test";
		};
		D095EB4A2AEA9D04003C55DA /* MapAppUITests */ = {
			isa = PBXNativeTarget;
			buildConfigurationList = D095EB5B2AEA9D04003C55DA /* Build configuration list for PBXNativeTarget "MapAppUITests" */;
			buildPhases = (
				D095EB472AEA9D04003C55DA /* Sources */,
				D095EB482AEA9D04003C55DA /* Frameworks */,
				D095EB492AEA9D04003C55DA /* Resources */,
			);
			buildRules = (
			);
			dependencies = (
				D095EB4D2AEA9D04003C55DA /* PBXTargetDependency */,
			);
			name = MapAppUITests;
			productName = MapAppUITests;
			productReference = D095EB4B2AEA9D04003C55DA /* MapAppUITests.xctest */;
			productType = "com.apple.product-type.bundle.ui-testing";
		};
/* End PBXNativeTarget section */

/* Begin PBXProject section */
		D095EB292AEA9D02003C55DA /* Project object */ = {
			isa = PBXProject;
			attributes = {
				BuildIndependentTargetsInParallel = 1;
				LastSwiftUpdateCheck = 1430;
				LastUpgradeCheck = 1500;
				TargetAttributes = {
					D095EB302AEA9D02003C55DA = {
						CreatedOnToolsVersion = 14.3.1;
					};
					D095EB402AEA9D04003C55DA = {
						CreatedOnToolsVersion = 14.3.1;
						TestTargetID = D095EB302AEA9D02003C55DA;
					};
					D095EB4A2AEA9D04003C55DA = {
						CreatedOnToolsVersion = 14.3.1;
						TestTargetID = D095EB302AEA9D02003C55DA;
					};
				};
			};
			buildConfigurationList = D095EB2C2AEA9D02003C55DA /* Build configuration list for PBXProject "MapApp" */;
			compatibilityVersion = "Xcode 14.0";
			developmentRegion = en;
			hasScannedForEncodings = 0;
			knownRegions = (
				en,
				Base,
			);
			mainGroup = D095EB282AEA9D02003C55DA;
			productRefGroup = D095EB322AEA9D02003C55DA /* Products */;
			projectDirPath = "";
			projectRoot = "";
			targets = (
				D095EB302AEA9D02003C55DA /* MapApp */,
				D095EB402AEA9D04003C55DA /* MapAppTests */,
				D095EB4A2AEA9D04003C55DA /* MapAppUITests */,
			);
		};
/* End PBXProject section */

/* Begin PBXResourcesBuildPhase section */
		D095EB2F2AEA9D02003C55DA /* Resources */ = {
			isa = PBXResourcesBuildPhase;
			buildActionMask = 2147483647;
			files = (
				D095EB3C2AEA9D03003C55DA /* Preview Assets.xcassets in Resources */,
				D095EB392AEA9D03003C55DA /* Assets.xcassets in Resources */,
			);
			runOnlyForDeploymentPostprocessing = 0;
		};
		D095EB3F2AEA9D04003C55DA /* Resources */ = {
			isa = PBXResourcesBuildPhase;
			buildActionMask = 2147483647;
			files = (
			);
			runOnlyForDeploymentPostprocessing = 0;
		};
		D095EB492AEA9D04003C55DA /* Resources */ = {
			isa = PBXResourcesBuildPhase;
			buildActionMask = 2147483647;
			files = (
			);
			runOnlyForDeploymentPostprocessing = 0;
		};
/* End PBXResourcesBuildPhase section */

/* Begin PBXSourcesBuildPhase section */
		D095EB2D2AEA9D02003C55DA /* Sources */ = {
			isa = PBXSourcesBuildPhase;
			buildActionMask = 2147483647;
			files = (
				D091017A2AF143E800BB1D3E /* PlaceDetailGeocodeView.swift in Sources */,
				D09101762AF143BC00BB1D3E /* PlaceDetailLocationView.swift in Sources */,
				D091016F2AF1127800BB1D3E /* URLImageView.swift in Sources */,
				D095EB372AEA9D02003C55DA /* ContentView.swift in Sources */,
				D095EB682AEAC921003C55DA /* MapView.swift in Sources */,
				D095EB352AEA9D02003C55DA /* MapAppApp.swift in Sources */,
				D091FC3C2AEBD54800CCEC0E /* AnnotationView.swift in Sources */,
				D091FC3A2AEBD28D00CCEC0E /* PlaceDetailView.swift in Sources */,
				D091016D2AF1114700BB1D3E /* FoursquarePhoto.swift in Sources */,
				D091FC402AEBE8CE00CCEC0E /* Constants.swift in Sources */,
				D095EB5F2AEA9E27003C55DA /* FoursquareService.swift in Sources */,
				D091016B2AF110F300BB1D3E /* PlaceDetailViewModel.swift in Sources */,
				D09101742AF1439200BB1D3E /* PlaceDetailHeaderView.swift in Sources */,
				D095EB6A2AEACADC003C55DA /* MapViewModel.swift in Sources */,
				D095EB662AEAC908003C55DA /* FoursquarePlace.swift in Sources */,
			);
			runOnlyForDeploymentPostprocessing = 0;
		};
		D095EB3D2AEA9D04003C55DA /* Sources */ = {
			isa = PBXSourcesBuildPhase;
			buildActionMask = 2147483647;
			files = (
				D095EB462AEA9D04003C55DA /* MapAppTests.swift in Sources */,
			);
			runOnlyForDeploymentPostprocessing = 0;
		};
		D095EB472AEA9D04003C55DA /* Sources */ = {
			isa = PBXSourcesBuildPhase;
			buildActionMask = 2147483647;
			files = (
				D095EB502AEA9D04003C55DA /* MapAppUITests.swift in Sources */,
				D095EB522AEA9D04003C55DA /* MapAppUITestsLaunchTests.swift in Sources */,
			);
			runOnlyForDeploymentPostprocessing = 0;
		};
/* End PBXSourcesBuildPhase section */

/* Begin PBXTargetDependency section */
		D095EB432AEA9D04003C55DA /* PBXTargetDependency */ = {
			isa = PBXTargetDependency;
			target = D095EB302AEA9D02003C55DA /* MapApp */;
			targetProxy = D095EB422AEA9D04003C55DA /* PBXContainerItemProxy */;
		};
		D095EB4D2AEA9D04003C55DA /* PBXTargetDependency */ = {
			isa = PBXTargetDependency;
			target = D095EB302AEA9D02003C55DA /* MapApp */;
			targetProxy = D095EB4C2AEA9D04003C55DA /* PBXContainerItemProxy */;
		};
/* End PBXTargetDependency section */

/* Begin XCBuildConfiguration section */
		D095EB532AEA9D04003C55DA /* Debug */ = {
			isa = XCBuildConfiguration;
			buildSettings = {
				ALWAYS_SEARCH_USER_PATHS = NO;
				CLANG_ANALYZER_NONNULL = YES;
				CLANG_ANALYZER_NUMBER_OBJECT_CONVERSION = YES_AGGRESSIVE;
				CLANG_CXX_LANGUAGE_STANDARD = "gnu++20";
				CLANG_ENABLE_MODULES = YES;
				CLANG_ENABLE_OBJC_ARC = YES;
				CLANG_ENABLE_OBJC_WEAK = YES;
				CLANG_WARN_BLOCK_CAPTURE_AUTORELEASING = YES;
				CLANG_WARN_BOOL_CONVERSION = YES;
				CLANG_WARN_COMMA = YES;
				CLANG_WARN_CONSTANT_CONVERSION = YES;
				CLANG_WARN_DEPRECATED_OBJC_IMPLEMENTATIONS = YES;
				CLANG_WARN_DIRECT_OBJC_ISA_USAGE = YES_ERROR;
				CLANG_WARN_DOCUMENTATION_COMMENTS = YES;
				CLANG_WARN_EMPTY_BODY = YES;
				CLANG_WARN_ENUM_CONVERSION = YES;
				CLANG_WARN_INFINITE_RECURSION = YES;
				CLANG_WARN_INT_CONVERSION = YES;
				CLANG_WARN_NON_LITERAL_NULL_CONVERSION = YES;
				CLANG_WARN_OBJC_IMPLICIT_RETAIN_SELF = YES;
				CLANG_WARN_OBJC_LITERAL_CONVERSION = YES;
				CLANG_WARN_OBJC_ROOT_CLASS = YES_ERROR;
				CLANG_WARN_QUOTED_INCLUDE_IN_FRAMEWORK_HEADER = YES;
				CLANG_WARN_RANGE_LOOP_ANALYSIS = YES;
				CLANG_WARN_STRICT_PROTOTYPES = YES;
				CLANG_WARN_SUSPICIOUS_MOVE = YES;
				CLANG_WARN_UNGUARDED_AVAILABILITY = YES_AGGRESSIVE;
				CLANG_WARN_UNREACHABLE_CODE = YES;
				CLANG_WARN__DUPLICATE_METHOD_MATCH = YES;
				COPY_PHASE_STRIP = NO;
				DEBUG_INFORMATION_FORMAT = dwarf;
				ENABLE_STRICT_OBJC_MSGSEND = YES;
				ENABLE_TESTABILITY = YES;
				ENABLE_USER_SCRIPT_SANDBOXING = YES;
				GCC_C_LANGUAGE_STANDARD = gnu11;
				GCC_DYNAMIC_NO_PIC = NO;
				GCC_NO_COMMON_BLOCKS = YES;
				GCC_OPTIMIZATION_LEVEL = 0;
				GCC_PREPROCESSOR_DEFINITIONS = (
					"DEBUG=1",
					"$(inherited)",
				);
				GCC_WARN_64_TO_32_BIT_CONVERSION = YES;
				GCC_WARN_ABOUT_RETURN_TYPE = YES_ERROR;
				GCC_WARN_UNDECLARED_SELECTOR = YES;
				GCC_WARN_UNINITIALIZED_AUTOS = YES_AGGRESSIVE;
				GCC_WARN_UNUSED_FUNCTION = YES;
				GCC_WARN_UNUSED_VARIABLE = YES;
				IPHONEOS_DEPLOYMENT_TARGET = 16.0;
				MTL_ENABLE_DEBUG_INFO = INCLUDE_SOURCE;
				MTL_FAST_MATH = YES;
				ONLY_ACTIVE_ARCH = YES;
				SDKROOT = iphoneos;
				SWIFT_ACTIVE_COMPILATION_CONDITIONS = DEBUG;
				SWIFT_OPTIMIZATION_LEVEL = "-Onone";
			};
			name = Debug;
		};
		D095EB542AEA9D04003C55DA /* Release */ = {
			isa = XCBuildConfiguration;
			buildSettings = {
				ALWAYS_SEARCH_USER_PATHS = NO;
				CLANG_ANALYZER_NONNULL = YES;
				CLANG_ANALYZER_NUMBER_OBJECT_CONVERSION = YES_AGGRESSIVE;
				CLANG_CXX_LANGUAGE_STANDARD = "gnu++20";
				CLANG_ENABLE_MODULES = YES;
				CLANG_ENABLE_OBJC_ARC = YES;
				CLANG_ENABLE_OBJC_WEAK = YES;
				CLANG_WARN_BLOCK_CAPTURE_AUTORELEASING = YES;
				CLANG_WARN_BOOL_CONVERSION = YES;
				CLANG_WARN_COMMA = YES;
				CLANG_WARN_CONSTANT_CONVERSION = YES;
				CLANG_WARN_DEPRECATED_OBJC_IMPLEMENTATIONS = YES;
				CLANG_WARN_DIRECT_OBJC_ISA_USAGE = YES_ERROR;
				CLANG_WARN_DOCUMENTATION_COMMENTS = YES;
				CLANG_WARN_EMPTY_BODY = YES;
				CLANG_WARN_ENUM_CONVERSION = YES;
				CLANG_WARN_INFINITE_RECURSION = YES;
				CLANG_WARN_INT_CONVERSION = YES;
				CLANG_WARN_NON_LITERAL_NULL_CONVERSION = YES;
				CLANG_WARN_OBJC_IMPLICIT_RETAIN_SELF = YES;
				CLANG_WARN_OBJC_LITERAL_CONVERSION = YES;
				CLANG_WARN_OBJC_ROOT_CLASS = YES_ERROR;
				CLANG_WARN_QUOTED_INCLUDE_IN_FRAMEWORK_HEADER = YES;
				CLANG_WARN_RANGE_LOOP_ANALYSIS = YES;
				CLANG_WARN_STRICT_PROTOTYPES = YES;
				CLANG_WARN_SUSPICIOUS_MOVE = YES;
				CLANG_WARN_UNGUARDED_AVAILABILITY = YES_AGGRESSIVE;
				CLANG_WARN_UNREACHABLE_CODE = YES;
				CLANG_WARN__DUPLICATE_METHOD_MATCH = YES;
				COPY_PHASE_STRIP = NO;
				DEBUG_INFORMATION_FORMAT = "dwarf-with-dsym";
				ENABLE_NS_ASSERTIONS = NO;
				ENABLE_STRICT_OBJC_MSGSEND = YES;
				ENABLE_USER_SCRIPT_SANDBOXING = YES;
				GCC_C_LANGUAGE_STANDARD = gnu11;
				GCC_NO_COMMON_BLOCKS = YES;
				GCC_WARN_64_TO_32_BIT_CONVERSION = YES;
				GCC_WARN_ABOUT_RETURN_TYPE = YES_ERROR;
				GCC_WARN_UNDECLARED_SELECTOR = YES;
				GCC_WARN_UNINITIALIZED_AUTOS = YES_AGGRESSIVE;
				GCC_WARN_UNUSED_FUNCTION = YES;
				GCC_WARN_UNUSED_VARIABLE = YES;
				IPHONEOS_DEPLOYMENT_TARGET = 16.0;
				MTL_ENABLE_DEBUG_INFO = NO;
				MTL_FAST_MATH = YES;
				SDKROOT = iphoneos;
				SWIFT_COMPILATION_MODE = wholemodule;
				SWIFT_OPTIMIZATION_LEVEL = "-O";
				VALIDATE_PRODUCT = YES;
			};
			name = Release;
		};
		D095EB562AEA9D04003C55DA /* Debug */ = {
			isa = XCBuildConfiguration;
			buildSettings = {
				ASSETCATALOG_COMPILER_APPICON_NAME = AppIcon;
				ASSETCATALOG_COMPILER_GLOBAL_ACCENT_COLOR_NAME = AccentColor;
				CODE_SIGN_STYLE = Automatic;
				CURRENT_PROJECT_VERSION = 1;
				DEVELOPMENT_ASSET_PATHS = "\"MapApp/Preview Content\"";
				DEVELOPMENT_TEAM = Q47UN765KL;
				ENABLE_PREVIEWS = YES;
				GENERATE_INFOPLIST_FILE = YES;
				INFOPLIST_KEY_UIApplicationSceneManifest_Generation = YES;
				INFOPLIST_KEY_UIApplicationSupportsIndirectInputEvents = YES;
				INFOPLIST_KEY_UILaunchScreen_Generation = YES;
				INFOPLIST_KEY_UISupportedInterfaceOrientations_iPad = "UIInterfaceOrientationPortrait UIInterfaceOrientationPortraitUpsideDown UIInterfaceOrientationLandscapeLeft UIInterfaceOrientationLandscapeRight";
				INFOPLIST_KEY_UISupportedInterfaceOrientations_iPhone = "UIInterfaceOrientationPortrait UIInterfaceOrientationLandscapeLeft UIInterfaceOrientationLandscapeRight";
				LD_RUNPATH_SEARCH_PATHS = (
					"$(inherited)",
					"@executable_path/Frameworks",
				);
				MARKETING_VERSION = 1.0;
				PRODUCT_BUNDLE_IDENTIFIER = peter.osusky.MapApp;
				PRODUCT_NAME = "$(TARGET_NAME)";
				SWIFT_EMIT_LOC_STRINGS = YES;
				SWIFT_VERSION = 5.0;
				TARGETED_DEVICE_FAMILY = "1,2";
			};
			name = Debug;
		};
		D095EB572AEA9D04003C55DA /* Release */ = {
			isa = XCBuildConfiguration;
			buildSettings = {
				ASSETCATALOG_COMPILER_APPICON_NAME = AppIcon;
				ASSETCATALOG_COMPILER_GLOBAL_ACCENT_COLOR_NAME = AccentColor;
				CODE_SIGN_STYLE = Automatic;
				CURRENT_PROJECT_VERSION = 1;
				DEVELOPMENT_ASSET_PATHS = "\"MapApp/Preview Content\"";
				DEVELOPMENT_TEAM = Q47UN765KL;
				ENABLE_PREVIEWS = YES;
				GENERATE_INFOPLIST_FILE = YES;
				INFOPLIST_KEY_UIApplicationSceneManifest_Generation = YES;
				INFOPLIST_KEY_UIApplicationSupportsIndirectInputEvents = YES;
				INFOPLIST_KEY_UILaunchScreen_Generation = YES;
				INFOPLIST_KEY_UISupportedInterfaceOrientations_iPad = "UIInterfaceOrientationPortrait UIInterfaceOrientationPortraitUpsideDown UIInterfaceOrientationLandscapeLeft UIInterfaceOrientationLandscapeRight";
				INFOPLIST_KEY_UISupportedInterfaceOrientations_iPhone = "UIInterfaceOrientationPortrait UIInterfaceOrientationLandscapeLeft UIInterfaceOrientationLandscapeRight";
				LD_RUNPATH_SEARCH_PATHS = (
					"$(inherited)",
					"@executable_path/Frameworks",
				);
				MARKETING_VERSION = 1.0;
				PRODUCT_BUNDLE_IDENTIFIER = peter.osusky.MapApp;
				PRODUCT_NAME = "$(TARGET_NAME)";
				SWIFT_EMIT_LOC_STRINGS = YES;
				SWIFT_VERSION = 5.0;
				TARGETED_DEVICE_FAMILY = "1,2";
			};
			name = Release;
		};
		D095EB592AEA9D04003C55DA /* Debug */ = {
			isa = XCBuildConfiguration;
			buildSettings = {
				ALWAYS_EMBED_SWIFT_STANDARD_LIBRARIES = YES;
				BUNDLE_LOADER = "$(TEST_HOST)";
				CODE_SIGN_STYLE = Automatic;
				CURRENT_PROJECT_VERSION = 1;
				DEVELOPMENT_TEAM = Q47UN765KL;
				GENERATE_INFOPLIST_FILE = YES;
				IPHONEOS_DEPLOYMENT_TARGET = 16.4;
				MARKETING_VERSION = 1.0;
				PRODUCT_BUNDLE_IDENTIFIER = peter.osusky.MapAppTests;
				PRODUCT_NAME = "$(TARGET_NAME)";
				SWIFT_EMIT_LOC_STRINGS = NO;
				SWIFT_VERSION = 5.0;
				TARGETED_DEVICE_FAMILY = "1,2";
				TEST_HOST = "$(BUILT_PRODUCTS_DIR)/MapApp.app/$(BUNDLE_EXECUTABLE_FOLDER_PATH)/MapApp";
			};
			name = Debug;
		};
		D095EB5A2AEA9D04003C55DA /* Release */ = {
			isa = XCBuildConfiguration;
			buildSettings = {
				ALWAYS_EMBED_SWIFT_STANDARD_LIBRARIES = YES;
				BUNDLE_LOADER = "$(TEST_HOST)";
				CODE_SIGN_STYLE = Automatic;
				CURRENT_PROJECT_VERSION = 1;
				DEVELOPMENT_TEAM = Q47UN765KL;
				GENERATE_INFOPLIST_FILE = YES;
				IPHONEOS_DEPLOYMENT_TARGET = 16.4;
				MARKETING_VERSION = 1.0;
				PRODUCT_BUNDLE_IDENTIFIER = peter.osusky.MapAppTests;
				PRODUCT_NAME = "$(TARGET_NAME)";
				SWIFT_EMIT_LOC_STRINGS = NO;
				SWIFT_VERSION = 5.0;
				TARGETED_DEVICE_FAMILY = "1,2";
				TEST_HOST = "$(BUILT_PRODUCTS_DIR)/MapApp.app/$(BUNDLE_EXECUTABLE_FOLDER_PATH)/MapApp";
			};
			name = Release;
		};
		D095EB5C2AEA9D04003C55DA /* Debug */ = {
			isa = XCBuildConfiguration;
			buildSettings = {
				ALWAYS_EMBED_SWIFT_STANDARD_LIBRARIES = YES;
				CODE_SIGN_STYLE = Automatic;
				CURRENT_PROJECT_VERSION = 1;
				DEVELOPMENT_TEAM = Q47UN765KL;
				GENERATE_INFOPLIST_FILE = YES;
				MARKETING_VERSION = 1.0;
				PRODUCT_BUNDLE_IDENTIFIER = peter.osusky.MapAppUITests;
				PRODUCT_NAME = "$(TARGET_NAME)";
				SWIFT_EMIT_LOC_STRINGS = NO;
				SWIFT_VERSION = 5.0;
				TARGETED_DEVICE_FAMILY = "1,2";
				TEST_TARGET_NAME = MapApp;
			};
			name = Debug;
		};
		D095EB5D2AEA9D04003C55DA /* Release */ = {
			isa = XCBuildConfiguration;
			buildSettings = {
				ALWAYS_EMBED_SWIFT_STANDARD_LIBRARIES = YES;
				CODE_SIGN_STYLE = Automatic;
				CURRENT_PROJECT_VERSION = 1;
				DEVELOPMENT_TEAM = Q47UN765KL;
				GENERATE_INFOPLIST_FILE = YES;
				MARKETING_VERSION = 1.0;
				PRODUCT_BUNDLE_IDENTIFIER = peter.osusky.MapAppUITests;
				PRODUCT_NAME = "$(TARGET_NAME)";
				SWIFT_EMIT_LOC_STRINGS = NO;
				SWIFT_VERSION = 5.0;
				TARGETED_DEVICE_FAMILY = "1,2";
				TEST_TARGET_NAME = MapApp;
			};
			name = Release;
		};
/* End XCBuildConfiguration section */

/* Begin XCConfigurationList section */
		D095EB2C2AEA9D02003C55DA /* Build configuration list for PBXProject "MapApp" */ = {
			isa = XCConfigurationList;
			buildConfigurations = (
				D095EB532AEA9D04003C55DA /* Debug */,
				D095EB542AEA9D04003C55DA /* Release */,
			);
			defaultConfigurationIsVisible = 0;
			defaultConfigurationName = Release;
		};
		D095EB552AEA9D04003C55DA /* Build configuration list for PBXNativeTarget "MapApp" */ = {
			isa = XCConfigurationList;
			buildConfigurations = (
				D095EB562AEA9D04003C55DA /* Debug */,
				D095EB572AEA9D04003C55DA /* Release */,
			);
			defaultConfigurationIsVisible = 0;
			defaultConfigurationName = Release;
		};
		D095EB582AEA9D04003C55DA /* Build configuration list for PBXNativeTarget "MapAppTests" */ = {
			isa = XCConfigurationList;
			buildConfigurations = (
				D095EB592AEA9D04003C55DA /* Debug */,
				D095EB5A2AEA9D04003C55DA /* Release */,
			);
			defaultConfigurationIsVisible = 0;
			defaultConfigurationName = Release;
		};
		D095EB5B2AEA9D04003C55DA /* Build configuration list for PBXNativeTarget "MapAppUITests" */ = {
			isa = XCConfigurationList;
			buildConfigurations = (
				D095EB5C2AEA9D04003C55DA /* Debug */,
				D095EB5D2AEA9D04003C55DA /* Release */,
			);
			defaultConfigurationIsVisible = 0;
			defaultConfigurationName = Release;
		};
/* End XCConfigurationList section */
	};
	rootObject = D095EB292AEA9D02003C55DA /* Project object */;
}
